{
  "name": "gestfarma",
  "version": "1.0.0",
  "lockfileVersion": 3,
  "requires": true,
  "packages": {
    "": {
      "name": "gestfarma",
      "version": "1.0.0",
      "hasInstallScript": true,
      "dependencies": {
        "install": "^0.13.0"
      },
      "engines": {
        "node": "20.11.1"
      }
    },
    "client": {
      "version": "0.1.0",
      "extraneous": true,
      "dependencies": {
        "react": "^19.0.0",
        "react-dom": "^19.0.0",
        "react-icons": "^5.4.0",
        "react-router-dom": "^7.1.5",
        "web-vitals": "^4.2.4"
      }
    },
    "node_modules/install": {
      "version": "0.13.0",
      "resolved": "https://registry.npmjs.org/install/-/install-0.13.0.tgz",
      "integrity": "sha512-zDml/jzr2PKU9I8J/xyZBQn8rPCAY//UOYNmR01XwNwyfhEWObo2SWfSl1+0tm1u6PhxLwDnfsT/6jB7OUxqFA==",
      "engines": {
        "node": ">= 0.10"
      }
    },
    "server": {
      "version": "1.0.0",
      "extraneous": true,
      "license": "ISC",
      "dependencies": {
        "bcryptjs": "^2.4.3",
        "body-parser": "^1.20.3",
        "cors": "^2.8.5",
        "dotenv": "^16.4.7",
        "express": "^4.21.2",
        "jsonwebtoken": "^9.0.2",
        "sqlite3": "^5.1.7"
      },
      "devDependencies": {
        "nodemon": "^3.1.9"
      }
    }
  }
}
